
Microsoft Visual Studio Solution File, Format Version 12.00
# Visual Studio Version 16
VisualStudioVersion = 16.0.33027.164
MinimumVisualStudioVersion = 10.0.40219.1
Project("{FAE04EC0-301F-11D3-BF4B-00C04F79EFBC}") = "FitnessClubKiselev", "FitnessClubKiselev\FitnessClubKiselev.csproj", "{724D8EA0-8D41-44B3-A806-2FF319084B1E}"
EndProject
Global
	GlobalSection(SolutionConfigurationPlatforms) = preSolution
		Debug|Any CPU = Debug|Any CPU
		Release|Any CPU = Release|Any CPU
	EndGlobalSection
	GlobalSection(ProjectConfigurationPlatforms) = postSolution
		{724D8EA0-8D41-44B3-A806-2FF319084B1E}.Debug|Any CPU.ActiveCfg = Debug|Any CPU
		{724D8EA0-8D41-44B3-A806-2FF319084B1E}.Debug|Any CPU.Build.0 = Debug|Any CPU
		{724D8EA0-8D41-44B3-A806-2FF319084B1E}.Release|Any CPU.ActiveCfg = Release|Any CPU
		{724D8EA0-8D41-44B3-A806-2FF319084B1E}.Release|Any CPU.Build.0 = Release|Any CPU
	EndGlobalSection
	GlobalSection(SolutionProperties) = preSolution
		HideSolutionNode = FALSE
	EndGlobalSection
	GlobalSection(ExtensibilityGlobals) = postSolution
		SolutionGuid = {B96408DC-D706-4719-8E94-3AE22EAD44B5}
	EndGlobalSection
EndGlobal
